
Microsoft Visual Studio Solution File, Format Version 12.00
# Visual Studio Version 17
VisualStudioVersion = 17.10.35122.118
MinimumVisualStudioVersion = 10.0.40219.1
Project("{8BC9CEB8-8B4A-11D0-8D11-00A0C91BC942}") = "2", "2.vcxproj", "{01D3D35E-3E86-4A5A-8CA8-6774AAA9E516}"
EndProject
Global
	GlobalSection(SolutionConfigurationPlatforms) = preSolution
		Debug|x64 = Debug|x64
		Debug|x86 = Debug|x86
		Release|x64 = Release|x64
		Release|x86 = Release|x86
	EndGlobalSection
	GlobalSection(ProjectConfigurationPlatforms) = postSolution
		{01D3D35E-3E86-4A5A-8CA8-6774AAA9E516}.Debug|x64.ActiveCfg = Debug|x64
		{01D3D35E-3E86-4A5A-8CA8-6774AAA9E516}.Debug|x64.Build.0 = Debug|x64
		{01D3D35E-3E86-4A5A-8CA8-6774AAA9E516}.Debug|x86.ActiveCfg = Debug|Win32
		{01D3D35E-3E86-4A5A-8CA8-6774AAA9E516}.Debug|x86.Build.0 = Debug|Win32
		{01D3D35E-3E86-4A5A-8CA8-6774AAA9E516}.Release|x64.ActiveCfg = Release|x64
		{01D3D35E-3E86-4A5A-8CA8-6774AAA9E516}.Release|x64.Build.0 = Release|x64
		{01D3D35E-3E86-4A5A-8CA8-6774AAA9E516}.Release|x86.ActiveCfg = Release|Win32
		{01D3D35E-3E86-4A5A-8CA8-6774AAA9E516}.Release|x86.Build.0 = Release|Win32
	EndGlobalSection
	GlobalSection(SolutionProperties) = preSolution
		HideSolutionNode = FALSE
	EndGlobalSection
	GlobalSection(ExtensibilityGlobals) = postSolution
		SolutionGuid = {4EF2A723-859F-4E6C-B3C5-960D8E74DE3E}
	EndGlobalSection
EndGlobal
